
Microsoft Visual Studio Solution File, Format Version 12.00
# Visual Studio 15
VisualStudioVersion = 15.0.28010.0
MinimumVisualStudioVersion = 10.0.40219.1
Project("{FAE04EC0-301F-11D3-BF4B-00C04F79EFBC}") = "KitchenManagement", "KitchenManagement\KitchenManagement.csproj", "{D36C09A1-F848-4645-B8C1-44810553FF4F}"
EndProject
Global
	GlobalSection(SolutionConfigurationPlatforms) = preSolution
		Debug|Any CPU = Debug|Any CPU
		Release|Any CPU = Release|Any CPU
	EndGlobalSection
	GlobalSection(ProjectConfigurationPlatforms) = postSolution
		{D36C09A1-F848-4645-B8C1-44810553FF4F}.Debug|Any CPU.ActiveCfg = Debug|Any CPU
		{D36C09A1-F848-4645-B8C1-44810553FF4F}.Debug|Any CPU.Build.0 = Debug|Any CPU
		{D36C09A1-F848-4645-B8C1-44810553FF4F}.Release|Any CPU.ActiveCfg = Release|Any CPU
		{D36C09A1-F848-4645-B8C1-44810553FF4F}.Release|Any CPU.Build.0 = Release|Any CPU
	EndGlobalSection
	GlobalSection(SolutionProperties) = preSolution
		HideSolutionNode = FALSE
	EndGlobalSection
	GlobalSection(ExtensibilityGlobals) = postSolution
		SolutionGuid = {6A301B7C-2640-419C-9C5F-7678BB9B31A7}
	EndGlobalSection
EndGlobal
